
Microsoft Visual Studio Solution File, Format Version 12.00
# Visual Studio 15
VisualStudioVersion = 15.0.28307.102
MinimumVisualStudioVersion = 10.0.40219.1
Project("{FAE04EC0-301F-11D3-BF4B-00C04F79EFBC}") = "ControlGroup.Android", "ControlGroup\ControlGroup.Android\ControlGroup.Android.csproj", "{3C8D827C-5729-4B21-805E-8E2AE7A22E32}"
EndProject
Project("{FAE04EC0-301F-11D3-BF4B-00C04F79EFBC}") = "ControlGroup.iOS", "ControlGroup\ControlGroup.iOS\ControlGroup.iOS.csproj", "{F054419B-68AE-45C9-958E-C9010F8ADFB1}"
EndProject
Project("{FAE04EC0-301F-11D3-BF4B-00C04F79EFBC}") = "ControlGroup.UWP", "ControlGroup\ControlGroup.UWP\ControlGroup.UWP.csproj", "{E14B2C55-0DB8-42D9-9C2E-9CA0023C8CCF}"
EndProject
Project("{FAE04EC0-301F-11D3-BF4B-00C04F79EFBC}") = "ControlGroup", "ControlGroup\ControlGroup\ControlGroup.csproj", "{F4728A72-2314-46D5-802B-763D8BB3C842}"
EndProject
Global
	GlobalSection(SolutionConfigurationPlatforms) = preSolution
		Ad-Hoc|Any CPU = Ad-Hoc|Any CPU
		Ad-Hoc|ARM = Ad-Hoc|ARM
		Ad-Hoc|iPhone = Ad-Hoc|iPhone
		Ad-Hoc|iPhoneSimulator = Ad-Hoc|iPhoneSimulator
		Ad-Hoc|x64 = Ad-Hoc|x64
		Ad-Hoc|x86 = Ad-Hoc|x86
		AppStore|Any CPU = AppStore|Any CPU
		AppStore|ARM = AppStore|ARM
		AppStore|iPhone = AppStore|iPhone
		AppStore|iPhoneSimulator = AppStore|iPhoneSimulator
		AppStore|x64 = AppStore|x64
		AppStore|x86 = AppStore|x86
		Debug|Any CPU = Debug|Any CPU
		Debug|ARM = Debug|ARM
		Debug|iPhone = Debug|iPhone
		Debug|iPhoneSimulator = Debug|iPhoneSimulator
		Debug|x64 = Debug|x64
		Debug|x86 = Debug|x86
		Release|Any CPU = Release|Any CPU
		Release|ARM = Release|ARM
		Release|iPhone = Release|iPhone
		Release|iPhoneSimulator = Release|iPhoneSimulator
		Release|x64 = Release|x64
		Release|x86 = Release|x86
	EndGlobalSection
	GlobalSection(ProjectConfigurationPlatforms) = postSolution
		{3C8D827C-5729-4B21-805E-8E2AE7A22E32}.Ad-Hoc|Any CPU.ActiveCfg = Release|Any CPU
		{3C8D827C-5729-4B21-805E-8E2AE7A22E32}.Ad-Hoc|Any CPU.Build.0 = Release|Any CPU
		{3C8D827C-5729-4B21-805E-8E2AE7A22E32}.Ad-Hoc|Any CPU.Deploy.0 = Release|Any CPU
		{3C8D827C-5729-4B21-805E-8E2AE7A22E32}.Ad-Hoc|ARM.ActiveCfg = Release|Any CPU
		{3C8D827C-5729-4B21-805E-8E2AE7A22E32}.Ad-Hoc|ARM.Build.0 = Release|Any CPU
		{3C8D827C-5729-4B21-805E-8E2AE7A22E32}.Ad-Hoc|ARM.Deploy.0 = Release|Any CPU
		{3C8D827C-5729-4B21-805E-8E2AE7A22E32}.Ad-Hoc|iPhone.ActiveCfg = Release|Any CPU
		{3C8D827C-5729-4B21-805E-8E2AE7A22E32}.Ad-Hoc|iPhone.Build.0 = Release|Any CPU
		{3C8D827C-5729-4B21-805E-8E2AE7A22E32}.Ad-Hoc|iPhone.Deploy.0 = Release|Any CPU
		{3C8D827C-5729-4B21-805E-8E2AE7A22E32}.Ad-Hoc|iPhoneSimulator.ActiveCfg = Release|Any CPU
		{3C8D827C-5729-4B21-805E-8E2AE7A22E32}.Ad-Hoc|iPhoneSimulator.Build.0 = Release|Any CPU
		{3C8D827C-5729-4B21-805E-8E2AE7A22E32}.Ad-Hoc|iPhoneSimulator.Deploy.0 = Release|Any CPU
		{3C8D827C-5729-4B21-805E-8E2AE7A22E32}.Ad-Hoc|x64.ActiveCfg = Release|Any CPU
		{3C8D827C-5729-4B21-805E-8E2AE7A22E32}.Ad-Hoc|x64.Build.0 = Release|Any CPU
		{3C8D827C-5729-4B21-805E-8E2AE7A22E32}.Ad-Hoc|x64.Deploy.0 = Release|Any CPU
		{3C8D827C-5729-4B21-805E-8E2AE7A22E32}.Ad-Hoc|x86.ActiveCfg = Release|Any CPU
		{3C8D827C-5729-4B21-805E-8E2AE7A22E32}.Ad-Hoc|x86.Build.0 = Release|Any CPU
		{3C8D827C-5729-4B21-805E-8E2AE7A22E32}.Ad-Hoc|x86.Deploy.0 = Release|Any CPU
		{3C8D827C-5729-4B21-805E-8E2AE7A22E32}.AppStore|Any CPU.ActiveCfg = Release|Any CPU
		{3C8D827C-5729-4B21-805E-8E2AE7A22E32}.AppStore|Any CPU.Build.0 = Release|Any CPU
		{3C8D827C-5729-4B21-805E-8E2AE7A22E32}.AppStore|Any CPU.Deploy.0 = Release|Any CPU
		{3C8D827C-5729-4B21-805E-8E2AE7A22E32}.AppStore|ARM.ActiveCfg = Release|Any CPU
		{3C8D827C-5729-4B21-805E-8E2AE7A22E32}.AppStore|ARM.Build.0 = Release|Any CPU
		{3C8D827C-5729-4B21-805E-8E2AE7A22E32}.AppStore|ARM.Deploy.0 = Release|Any CPU
		{3C8D827C-5729-4B21-805E-8E2AE7A22E32}.AppStore|iPhone.ActiveCfg = Release|Any CPU
		{3C8D827C-5729-4B21-805E-8E2AE7A22E32}.AppStore|iPhone.Build.0 = Release|Any CPU
		{3C8D827C-5729-4B21-805E-8E2AE7A22E32}.AppStore|iPhone.Deploy.0 = Release|Any CPU
		{3C8D827C-5729-4B21-805E-8E2AE7A22E32}.AppStore|iPhoneSimulator.ActiveCfg = Release|Any CPU
		{3C8D827C-5729-4B21-805E-8E2AE7A22E32}.AppStore|iPhoneSimulator.Build.0 = Release|Any CPU
		{3C8D827C-5729-4B21-805E-8E2AE7A22E32}.AppStore|iPhoneSimulator.Deploy.0 = Release|Any CPU
		{3C8D827C-5729-4B21-805E-8E2AE7A22E32}.AppStore|x64.ActiveCfg = Release|Any CPU
		{3C8D827C-5729-4B21-805E-8E2AE7A22E32}.AppStore|x64.Build.0 = Release|Any CPU
		{3C8D827C-5729-4B21-805E-8E2AE7A22E32}.AppStore|x64.Deploy.0 = Release|Any CPU
		{3C8D827C-5729-4B21-805E-8E2AE7A22E32}.AppStore|x86.ActiveCfg = Release|Any CPU
		{3C8D827C-5729-4B21-805E-8E2AE7A22E32}.AppStore|x86.Build.0 = Release|Any CPU
		{3C8D827C-5729-4B21-805E-8E2AE7A22E32}.AppStore|x86.Deploy.0 = Release|Any CPU
		{3C8D827C-5729-4B21-805E-8E2AE7A22E32}.Debug|Any CPU.ActiveCfg = Debug|Any CPU
		{3C8D827C-5729-4B21-805E-8E2AE7A22E32}.Debug|Any CPU.Build.0 = Debug|Any CPU
		{3C8D827C-5729-4B21-805E-8E2AE7A22E32}.Debug|Any CPU.Deploy.0 = Debug|Any CPU
		{3C8D827C-5729-4B21-805E-8E2AE7A22E32}.Debug|ARM.ActiveCfg = Debug|Any CPU
		{3C8D827C-5729-4B21-805E-8E2AE7A22E32}.Debug|ARM.Build.0 = Debug|Any CPU
		{3C8D827C-5729-4B21-805E-8E2AE7A22E32}.Debug|ARM.Deploy.0 = Debug|Any CPU
		{3C8D827C-5729-4B21-805E-8E2AE7A22E32}.Debug|iPhone.ActiveCfg = Debug|Any CPU
		{3C8D827C-5729-4B21-805E-8E2AE7A22E32}.Debug|iPhone.Build.0 = Debug|Any CPU
		{3C8D827C-5729-4B21-805E-8E2AE7A22E32}.Debug|iPhone.Deploy.0 = Debug|Any CPU
		{3C8D827C-5729-4B21-805E-8E2AE7A22E32}.Debug|iPhoneSimulator.ActiveCfg = Debug|Any CPU
		{3C8D827C-5729-4B21-805E-8E2AE7A22E32}.Debug|iPhoneSimulator.Build.0 = Debug|Any CPU
		{3C8D827C-5729-4B21-805E-8E2AE7A22E32}.Debug|iPhoneSimulator.Deploy.0 = Debug|Any CPU
		{3C8D827C-5729-4B21-805E-8E2AE7A22E32}.Debug|x64.ActiveCfg = Debug|Any CPU
		{3C8D827C-5729-4B21-805E-8E2AE7A22E32}.Debug|x64.Build.0 = Debug|Any CPU
		{3C8D827C-5729-4B21-805E-8E2AE7A22E32}.Debug|x64.Deploy.0 = Debug|Any CPU
		{3C8D827C-5729-4B21-805E-8E2AE7A22E32}.Debug|x86.ActiveCfg = Debug|Any CPU
		{3C8D827C-5729-4B21-805E-8E2AE7A22E32}.Debug|x86.Build.0 = Debug|Any CPU
		{3C8D827C-5729-4B21-805E-8E2AE7A22E32}.Debug|x86.Deploy.0 = Debug|Any CPU
		{3C8D827C-5729-4B21-805E-8E2AE7A22E32}.Release|Any CPU.ActiveCfg = Release|Any CPU
		{3C8D827C-5729-4B21-805E-8E2AE7A22E32}.Release|Any CPU.Build.0 = Release|Any CPU
		{3C8D827C-5729-4B21-805E-8E2AE7A22E32}.Release|Any CPU.Deploy.0 = Release|Any CPU
		{3C8D827C-5729-4B21-805E-8E2AE7A22E32}.Release|ARM.ActiveCfg = Release|Any CPU
		{3C8D827C-5729-4B21-805E-8E2AE7A22E32}.Release|ARM.Build.0 = Release|Any CPU
		{3C8D827C-5729-4B21-805E-8E2AE7A22E32}.Release|ARM.Deploy.0 = Release|Any CPU
		{3C8D827C-5729-4B21-805E-8E2AE7A22E32}.Release|iPhone.ActiveCfg = Release|Any CPU
		{3C8D827C-5729-4B21-805E-8E2AE7A22E32}.Release|iPhone.Build.0 = Release|Any CPU
		{3C8D827C-5729-4B21-805E-8E2AE7A22E32}.Release|iPhone.Deploy.0 = Release|Any CPU
		{3C8D827C-5729-4B21-805E-8E2AE7A22E32}.Release|iPhoneSimulator.ActiveCfg = Release|Any CPU
		{3C8D827C-5729-4B21-805E-8E2AE7A22E32}.Release|iPhoneSimulator.Build.0 = Release|Any CPU
		{3C8D827C-5729-4B21-805E-8E2AE7A22E32}.Release|iPhoneSimulator.Deploy.0 = Release|Any CPU
		{3C8D827C-5729-4B21-805E-8E2AE7A22E32}.Release|x64.ActiveCfg = Release|Any CPU
		{3C8D827C-5729-4B21-805E-8E2AE7A22E32}.Release|x64.Build.0 = Release|Any CPU
		{3C8D827C-5729-4B21-805E-8E2AE7A22E32}.Release|x64.Deploy.0 = Release|Any CPU
		{3C8D827C-5729-4B21-805E-8E2AE7A22E32}.Release|x86.ActiveCfg = Release|Any CPU
		{3C8D827C-5729-4B21-805E-8E2AE7A22E32}.Release|x86.Build.0 = Release|Any CPU
		{3C8D827C-5729-4B21-805E-8E2AE7A22E32}.Release|x86.Deploy.0 = Release|Any CPU
		{F054419B-68AE-45C9-958E-C9010F8ADFB1}.Ad-Hoc|Any CPU.ActiveCfg = Ad-Hoc|iPhone
		{F054419B-68AE-45C9-958E-C9010F8ADFB1}.Ad-Hoc|Any CPU.Build.0 = Ad-Hoc|iPhone
		{F054419B-68AE-45C9-958E-C9010F8ADFB1}.Ad-Hoc|Any CPU.Deploy.0 = Ad-Hoc|iPhone
		{F054419B-68AE-45C9-958E-C9010F8ADFB1}.Ad-Hoc|ARM.ActiveCfg = Ad-Hoc|iPhone
		{F054419B-68AE-45C9-958E-C9010F8ADFB1}.Ad-Hoc|ARM.Build.0 = Ad-Hoc|iPhone
		{F054419B-68AE-45C9-958E-C9010F8ADFB1}.Ad-Hoc|ARM.Deploy.0 = Ad-Hoc|iPhone
		{F054419B-68AE-45C9-958E-C9010F8ADFB1}.Ad-Hoc|iPhone.ActiveCfg = Ad-Hoc|iPhone
		{F054419B-68AE-45C9-958E-C9010F8ADFB1}.Ad-Hoc|iPhone.Build.0 = Ad-Hoc|iPhone
		{F054419B-68AE-45C9-958E-C9010F8ADFB1}.Ad-Hoc|iPhone.Deploy.0 = Ad-Hoc|iPhone
		{F054419B-68AE-45C9-958E-C9010F8ADFB1}.Ad-Hoc|iPhoneSimulator.ActiveCfg = Ad-Hoc|iPhoneSimulator
		{F054419B-68AE-45C9-958E-C9010F8ADFB1}.Ad-Hoc|iPhoneSimulator.Build.0 = Ad-Hoc|iPhoneSimulator
		{F054419B-68AE-45C9-958E-C9010F8ADFB1}.Ad-Hoc|iPhoneSimulator.Deploy.0 = Ad-Hoc|iPhoneSimulator
		{F054419B-68AE-45C9-958E-C9010F8ADFB1}.Ad-Hoc|x64.ActiveCfg = Ad-Hoc|iPhone
		{F054419B-68AE-45C9-958E-C9010F8ADFB1}.Ad-Hoc|x64.Build.0 = Ad-Hoc|iPhone
		{F054419B-68AE-45C9-958E-C9010F8ADFB1}.Ad-Hoc|x64.Deploy.0 = Ad-Hoc|iPhone
		{F054419B-68AE-45C9-958E-C9010F8ADFB1}.Ad-Hoc|x86.ActiveCfg = Ad-Hoc|iPhone
		{F054419B-68AE-45C9-958E-C9010F8ADFB1}.Ad-Hoc|x86.Build.0 = Ad-Hoc|iPhone
		{F054419B-68AE-45C9-958E-C9010F8ADFB1}.Ad-Hoc|x86.Deploy.0 = Ad-Hoc|iPhone
		{F054419B-68AE-45C9-958E-C9010F8ADFB1}.AppStore|Any CPU.ActiveCfg = AppStore|iPhone
		{F054419B-68AE-45C9-958E-C9010F8ADFB1}.AppStore|Any CPU.Build.0 = AppStore|iPhone
		{F054419B-68AE-45C9-958E-C9010F8ADFB1}.AppStore|Any CPU.Deploy.0 = AppStore|iPhone
		{F054419B-68AE-45C9-958E-C9010F8ADFB1}.AppStore|ARM.ActiveCfg = AppStore|iPhone
		{F054419B-68AE-45C9-958E-C9010F8ADFB1}.AppStore|ARM.Build.0 = AppStore|iPhone
		{F054419B-68AE-45C9-958E-C9010F8ADFB1}.AppStore|ARM.Deploy.0 = AppStore|iPhone
		{F054419B-68AE-45C9-958E-C9010F8ADFB1}.AppStore|iPhone.ActiveCfg = AppStore|iPhone
		{F054419B-68AE-45C9-958E-C9010F8ADFB1}.AppStore|iPhone.Build.0 = AppStore|iPhone
		{F054419B-68AE-45C9-958E-C9010F8ADFB1}.AppStore|iPhone.Deploy.0 = AppStore|iPhone
		{F054419B-68AE-45C9-958E-C9010F8ADFB1}.AppStore|iPhoneSimulator.ActiveCfg = AppStore|iPhoneSimulator
		{F054419B-68AE-45C9-958E-C9010F8ADFB1}.AppStore|iPhoneSimulator.Build.0 = AppStore|iPhoneSimulator
		{F054419B-68AE-45C9-958E-C9010F8ADFB1}.AppStore|iPhoneSimulator.Deploy.0 = AppStore|iPhoneSimulator
		{F054419B-68AE-45C9-958E-C9010F8ADFB1}.AppStore|x64.ActiveCfg = AppStore|iPhone
		{F054419B-68AE-45C9-958E-C9010F8ADFB1}.AppStore|x64.Build.0 = AppStore|iPhone
		{F054419B-68AE-45C9-958E-C9010F8ADFB1}.AppStore|x64.Deploy.0 = AppStore|iPhone
		{F054419B-68AE-45C9-958E-C9010F8ADFB1}.AppStore|x86.ActiveCfg = AppStore|iPhone
		{F054419B-68AE-45C9-958E-C9010F8ADFB1}.AppStore|x86.Build.0 = AppStore|iPhone
		{F054419B-68AE-45C9-958E-C9010F8ADFB1}.AppStore|x86.Deploy.0 = AppStore|iPhone
		{F054419B-68AE-45C9-958E-C9010F8ADFB1}.Debug|Any CPU.ActiveCfg = Debug|iPhoneSimulator
		{F054419B-68AE-45C9-958E-C9010F8ADFB1}.Debug|Any CPU.Build.0 = Debug|iPhoneSimulator
		{F054419B-68AE-45C9-958E-C9010F8ADFB1}.Debug|Any CPU.Deploy.0 = Debug|iPhoneSimulator
		{F054419B-68AE-45C9-958E-C9010F8ADFB1}.Debug|ARM.ActiveCfg = Debug|iPhone
		{F054419B-68AE-45C9-958E-C9010F8ADFB1}.Debug|ARM.Build.0 = Debug|iPhone
		{F054419B-68AE-45C9-958E-C9010F8ADFB1}.Debug|ARM.Deploy.0 = Debug|iPhone
		{F054419B-68AE-45C9-958E-C9010F8ADFB1}.Debug|iPhone.ActiveCfg = Debug|iPhone
		{F054419B-68AE-45C9-958E-C9010F8ADFB1}.Debug|iPhone.Build.0 = Debug|iPhone
		{F054419B-68AE-45C9-958E-C9010F8ADFB1}.Debug|iPhone.Deploy.0 = Debug|iPhone
		{F054419B-68AE-45C9-958E-C9010F8ADFB1}.Debug|iPhoneSimulator.ActiveCfg = Debug|iPhoneSimulator
		{F054419B-68AE-45C9-958E-C9010F8ADFB1}.Debug|iPhoneSimulator.Build.0 = Debug|iPhoneSimulator
		{F054419B-68AE-45C9-958E-C9010F8ADFB1}.Debug|iPhoneSimulator.Deploy.0 = Debug|iPhoneSimulator
		{F054419B-68AE-45C9-958E-C9010F8ADFB1}.Debug|x64.ActiveCfg = Debug|iPhone
		{F054419B-68AE-45C9-958E-C9010F8ADFB1}.Debug|x64.Build.0 = Debug|iPhone
		{F054419B-68AE-45C9-958E-C9010F8ADFB1}.Debug|x64.Deploy.0 = Debug|iPhone
		{F054419B-68AE-45C9-958E-C9010F8ADFB1}.Debug|x86.ActiveCfg = Debug|iPhone
		{F054419B-68AE-45C9-958E-C9010F8ADFB1}.Debug|x86.Build.0 = Debug|iPhone
		{F054419B-68AE-45C9-958E-C9010F8ADFB1}.Debug|x86.Deploy.0 = Debug|iPhone
		{F054419B-68AE-45C9-958E-C9010F8ADFB1}.Release|Any CPU.ActiveCfg = Release|iPhone
		{F054419B-68AE-45C9-958E-C9010F8ADFB1}.Release|Any CPU.Build.0 = Release|iPhone
		{F054419B-68AE-45C9-958E-C9010F8ADFB1}.Release|Any CPU.Deploy.0 = Release|iPhone
		{F054419B-68AE-45C9-958E-C9010F8ADFB1}.Release|ARM.ActiveCfg = Release|iPhone
		{F054419B-68AE-45C9-958E-C9010F8ADFB1}.Release|ARM.Build.0 = Release|iPhone
		{F054419B-68AE-45C9-958E-C9010F8ADFB1}.Release|ARM.Deploy.0 = Release|iPhone
		{F054419B-68AE-45C9-958E-C9010F8ADFB1}.Release|iPhone.ActiveCfg = Release|iPhone
		{F054419B-68AE-45C9-958E-C9010F8ADFB1}.Release|iPhone.Build.0 = Release|iPhone
		{F054419B-68AE-45C9-958E-C9010F8ADFB1}.Release|iPhone.Deploy.0 = Release|iPhone
		{F054419B-68AE-45C9-958E-C9010F8ADFB1}.Release|iPhoneSimulator.ActiveCfg = Release|iPhoneSimulator
		{F054419B-68AE-45C9-958E-C9010F8ADFB1}.Release|iPhoneSimulator.Build.0 = Release|iPhoneSimulator
		{F054419B-68AE-45C9-958E-C9010F8ADFB1}.Release|iPhoneSimulator.Deploy.0 = Release|iPhoneSimulator
		{F054419B-68AE-45C9-958E-C9010F8ADFB1}.Release|x64.ActiveCfg = Release|iPhone
		{F054419B-68AE-45C9-958E-C9010F8ADFB1}.Release|x64.Build.0 = Release|iPhone
		{F054419B-68AE-45C9-958E-C9010F8ADFB1}.Release|x64.Deploy.0 = Release|iPhone
		{F054419B-68AE-45C9-958E-C9010F8ADFB1}.Release|x86.ActiveCfg = Release|iPhone
		{F054419B-68AE-45C9-958E-C9010F8ADFB1}.Release|x86.Build.0 = Release|iPhone
		{F054419B-68AE-45C9-958E-C9010F8ADFB1}.Release|x86.Deploy.0 = Release|iPhone
		{E14B2C55-0DB8-42D9-9C2E-9CA0023C8CCF}.Ad-Hoc|Any CPU.ActiveCfg = Release|x86
		{E14B2C55-0DB8-42D9-9C2E-9CA0023C8CCF}.Ad-Hoc|Any CPU.Build.0 = Release|x86
		{E14B2C55-0DB8-42D9-9C2E-9CA0023C8CCF}.Ad-Hoc|Any CPU.Deploy.0 = Release|x86
		{E14B2C55-0DB8-42D9-9C2E-9CA0023C8CCF}.Ad-Hoc|ARM.ActiveCfg = Release|ARM
		{E14B2C55-0DB8-42D9-9C2E-9CA0023C8CCF}.Ad-Hoc|ARM.Build.0 = Release|ARM
		{E14B2C55-0DB8-42D9-9C2E-9CA0023C8CCF}.Ad-Hoc|ARM.Deploy.0 = Release|ARM
		{E14B2C55-0DB8-42D9-9C2E-9CA0023C8CCF}.Ad-Hoc|iPhone.ActiveCfg = Release|x86
		{E14B2C55-0DB8-42D9-9C2E-9CA0023C8CCF}.Ad-Hoc|iPhone.Build.0 = Release|x86
		{E14B2C55-0DB8-42D9-9C2E-9CA0023C8CCF}.Ad-Hoc|iPhone.Deploy.0 = Release|x86
		{E14B2C55-0DB8-42D9-9C2E-9CA0023C8CCF}.Ad-Hoc|iPhoneSimulator.ActiveCfg = Release|x86
		{E14B2C55-0DB8-42D9-9C2E-9CA0023C8CCF}.Ad-Hoc|iPhoneSimulator.Build.0 = Release|x86
		{E14B2C55-0DB8-42D9-9C2E-9CA0023C8CCF}.Ad-Hoc|iPhoneSimulator.Deploy.0 = Release|x86
		{E14B2C55-0DB8-42D9-9C2E-9CA0023C8CCF}.Ad-Hoc|x64.ActiveCfg = Release|x64
		{E14B2C55-0DB8-42D9-9C2E-9CA0023C8CCF}.Ad-Hoc|x64.Build.0 = Release|x64
		{E14B2C55-0DB8-42D9-9C2E-9CA0023C8CCF}.Ad-Hoc|x64.Deploy.0 = Release|x64
		{E14B2C55-0DB8-42D9-9C2E-9CA0023C8CCF}.Ad-Hoc|x86.ActiveCfg = Release|x86
		{E14B2C55-0DB8-42D9-9C2E-9CA0023C8CCF}.Ad-Hoc|x86.Build.0 = Release|x86
		{E14B2C55-0DB8-42D9-9C2E-9CA0023C8CCF}.Ad-Hoc|x86.Deploy.0 = Release|x86
		{E14B2C55-0DB8-42D9-9C2E-9CA0023C8CCF}.AppStore|Any CPU.ActiveCfg = Release|x86
		{E14B2C55-0DB8-42D9-9C2E-9CA0023C8CCF}.AppStore|Any CPU.Build.0 = Release|x86
		{E14B2C55-0DB8-42D9-9C2E-9CA0023C8CCF}.AppStore|Any CPU.Deploy.0 = Release|x86
		{E14B2C55-0DB8-42D9-9C2E-9CA0023C8CCF}.AppStore|ARM.ActiveCfg = Release|ARM
		{E14B2C55-0DB8-42D9-9C2E-9CA0023C8CCF}.AppStore|ARM.Build.0 = Release|ARM
		{E14B2C55-0DB8-42D9-9C2E-9CA0023C8CCF}.AppStore|ARM.Deploy.0 = Release|ARM
		{E14B2C55-0DB8-42D9-9C2E-9CA0023C8CCF}.AppStore|iPhone.ActiveCfg = Release|x86
		{E14B2C55-0DB8-42D9-9C2E-9CA0023C8CCF}.AppStore|iPhone.Build.0 = Release|x86
		{E14B2C55-0DB8-42D9-9C2E-9CA0023C8CCF}.AppStore|iPhone.Deploy.0 = Release|x86
		{E14B2C55-0DB8-42D9-9C2E-9CA0023C8CCF}.AppStore|iPhoneSimulator.ActiveCfg = Release|x86
		{E14B2C55-0DB8-42D9-9C2E-9CA0023C8CCF}.AppStore|iPhoneSimulator.Build.0 = Release|x86
		{E14B2C55-0DB8-42D9-9C2E-9CA0023C8CCF}.AppStore|iPhoneSimulator.Deploy.0 = Release|x86
		{E14B2C55-0DB8-42D9-9C2E-9CA0023C8CCF}.AppStore|x64.ActiveCfg = Release|x64
		{E14B2C55-0DB8-42D9-9C2E-9CA0023C8CCF}.AppStore|x64.Build.0 = Release|x64
		{E14B2C55-0DB8-42D9-9C2E-9CA0023C8CCF}.AppStore|x64.Deploy.0 = Release|x64
		{E14B2C55-0DB8-42D9-9C2E-9CA0023C8CCF}.AppStore|x86.ActiveCfg = Release|x86
		{E14B2C55-0DB8-42D9-9C2E-9CA0023C8CCF}.AppStore|x86.Build.0 = Release|x86
		{E14B2C55-0DB8-42D9-9C2E-9CA0023C8CCF}.AppStore|x86.Deploy.0 = Release|x86
		{E14B2C55-0DB8-42D9-9C2E-9CA0023C8CCF}.Debug|Any CPU.ActiveCfg = Debug|x86
		{E14B2C55-0DB8-42D9-9C2E-9CA0023C8CCF}.Debug|Any CPU.Build.0 = Debug|x86
		{E14B2C55-0DB8-42D9-9C2E-9CA0023C8CCF}.Debug|Any CPU.Deploy.0 = Debug|x86
		{E14B2C55-0DB8-42D9-9C2E-9CA0023C8CCF}.Debug|ARM.ActiveCfg = Debug|ARM
		{E14B2C55-0DB8-42D9-9C2E-9CA0023C8CCF}.Debug|ARM.Build.0 = Debug|ARM
		{E14B2C55-0DB8-42D9-9C2E-9CA0023C8CCF}.Debug|ARM.Deploy.0 = Debug|ARM
		{E14B2C55-0DB8-42D9-9C2E-9CA0023C8CCF}.Debug|iPhone.ActiveCfg = Debug|x86
		{E14B2C55-0DB8-42D9-9C2E-9CA0023C8CCF}.Debug|iPhone.Build.0 = Debug|x86
		{E14B2C55-0DB8-42D9-9C2E-9CA0023C8CCF}.Debug|iPhone.Deploy.0 = Debug|x86
		{E14B2C55-0DB8-42D9-9C2E-9CA0023C8CCF}.Debug|iPhoneSimulator.ActiveCfg = Debug|x86
		{E14B2C55-0DB8-42D9-9C2E-9CA0023C8CCF}.Debug|iPhoneSimulator.Build.0 = Debug|x86
		{E14B2C55-0DB8-42D9-9C2E-9CA0023C8CCF}.Debug|iPhoneSimulator.Deploy.0 = Debug|x86
		{E14B2C55-0DB8-42D9-9C2E-9CA0023C8CCF}.Debug|x64.ActiveCfg = Debug|x64
		{E14B2C55-0DB8-42D9-9C2E-9CA0023C8CCF}.Debug|x64.Build.0 = Debug|x64
		{E14B2C55-0DB8-42D9-9C2E-9CA0023C8CCF}.Debug|x64.Deploy.0 = Debug|x64
		{E14B2C55-0DB8-42D9-9C2E-9CA0023C8CCF}.Debug|x86.ActiveCfg = Debug|x86
		{E14B2C55-0DB8-42D9-9C2E-9CA0023C8CCF}.Debug|x86.Build.0 = Debug|x86
		{E14B2C55-0DB8-42D9-9C2E-9CA0023C8CCF}.Debug|x86.Deploy.0 = Debug|x86
		{E14B2C55-0DB8-42D9-9C2E-9CA0023C8CCF}.Release|Any CPU.ActiveCfg = Release|x86
		{E14B2C55-0DB8-42D9-9C2E-9CA0023C8CCF}.Release|Any CPU.Build.0 = Release|x86
		{E14B2C55-0DB8-42D9-9C2E-9CA0023C8CCF}.Release|Any CPU.Deploy.0 = Release|x86
		{E14B2C55-0DB8-42D9-9C2E-9CA0023C8CCF}.Release|ARM.ActiveCfg = Release|ARM
		{E14B2C55-0DB8-42D9-9C2E-9CA0023C8CCF}.Release|ARM.Build.0 = Release|ARM
		{E14B2C55-0DB8-42D9-9C2E-9CA0023C8CCF}.Release|ARM.Deploy.0 = Release|ARM
		{E14B2C55-0DB8-42D9-9C2E-9CA0023C8CCF}.Release|iPhone.ActiveCfg = Release|x86
		{E14B2C55-0DB8-42D9-9C2E-9CA0023C8CCF}.Release|iPhone.Build.0 = Release|x86
		{E14B2C55-0DB8-42D9-9C2E-9CA0023C8CCF}.Release|iPhone.Deploy.0 = Release|x86
		{E14B2C55-0DB8-42D9-9C2E-9CA0023C8CCF}.Release|iPhoneSimulator.ActiveCfg = Release|x86
		{E14B2C55-0DB8-42D9-9C2E-9CA0023C8CCF}.Release|iPhoneSimulator.Build.0 = Release|x86
		{E14B2C55-0DB8-42D9-9C2E-9CA0023C8CCF}.Release|iPhoneSimulator.Deploy.0 = Release|x86
		{E14B2C55-0DB8-42D9-9C2E-9CA0023C8CCF}.Release|x64.ActiveCfg = Release|x64
		{E14B2C55-0DB8-42D9-9C2E-9CA0023C8CCF}.Release|x64.Build.0 = Release|x64
		{E14B2C55-0DB8-42D9-9C2E-9CA0023C8CCF}.Release|x64.Deploy.0 = Release|x64
		{E14B2C55-0DB8-42D9-9C2E-9CA0023C8CCF}.Release|x86.ActiveCfg = Release|x86
		{E14B2C55-0DB8-42D9-9C2E-9CA0023C8CCF}.Release|x86.Build.0 = Release|x86
		{E14B2C55-0DB8-42D9-9C2E-9CA0023C8CCF}.Release|x86.Deploy.0 = Release|x86
		{F4728A72-2314-46D5-802B-763D8BB3C842}.Ad-Hoc|Any CPU.ActiveCfg = Debug|Any CPU
		{F4728A72-2314-46D5-802B-763D8BB3C842}.Ad-Hoc|Any CPU.Build.0 = Debug|Any CPU
		{F4728A72-2314-46D5-802B-763D8BB3C842}.Ad-Hoc|Any CPU.Deploy.0 = Debug|Any CPU
		{F4728A72-2314-46D5-802B-763D8BB3C842}.Ad-Hoc|ARM.ActiveCfg = Debug|Any CPU
		{F4728A72-2314-46D5-802B-763D8BB3C842}.Ad-Hoc|ARM.Build.0 = Debug|Any CPU
		{F4728A72-2314-46D5-802B-763D8BB3C842}.Ad-Hoc|ARM.Deploy.0 = Debug|Any CPU
		{F4728A72-2314-46D5-802B-763D8BB3C842}.Ad-Hoc|iPhone.ActiveCfg = Debug|Any CPU
		{F4728A72-2314-46D5-802B-763D8BB3C842}.Ad-Hoc|iPhone.Build.0 = Debug|Any CPU
		{F4728A72-2314-46D5-802B-763D8BB3C842}.Ad-Hoc|iPhone.Deploy.0 = Debug|Any CPU
		{F4728A72-2314-46D5-802B-763D8BB3C842}.Ad-Hoc|iPhoneSimulator.ActiveCfg = Debug|Any CPU
		{F4728A72-2314-46D5-802B-763D8BB3C842}.Ad-Hoc|iPhoneSimulator.Build.0 = Debug|Any CPU
		{F4728A72-2314-46D5-802B-763D8BB3C842}.Ad-Hoc|iPhoneSimulator.Deploy.0 = Debug|Any CPU
		{F4728A72-2314-46D5-802B-763D8BB3C842}.Ad-Hoc|x64.ActiveCfg = Debug|Any CPU
		{F4728A72-2314-46D5-802B-763D8BB3C842}.Ad-Hoc|x64.Build.0 = Debug|Any CPU
		{F4728A72-2314-46D5-802B-763D8BB3C842}.Ad-Hoc|x64.Deploy.0 = Debug|Any CPU
		{F4728A72-2314-46D5-802B-763D8BB3C842}.Ad-Hoc|x86.ActiveCfg = Debug|Any CPU
		{F4728A72-2314-46D5-802B-763D8BB3C842}.Ad-Hoc|x86.Build.0 = Debug|Any CPU
		{F4728A72-2314-46D5-802B-763D8BB3C842}.Ad-Hoc|x86.Deploy.0 = Debug|Any CPU
		{F4728A72-2314-46D5-802B-763D8BB3C842}.AppStore|Any CPU.ActiveCfg = Debug|Any CPU
		{F4728A72-2314-46D5-802B-763D8BB3C842}.AppStore|Any CPU.Build.0 = Debug|Any CPU
		{F4728A72-2314-46D5-802B-763D8BB3C842}.AppStore|Any CPU.Deploy.0 = Debug|Any CPU
		{F4728A72-2314-46D5-802B-763D8BB3C842}.AppStore|ARM.ActiveCfg = Debug|Any CPU
		{F4728A72-2314-46D5-802B-763D8BB3C842}.AppStore|ARM.Build.0 = Debug|Any CPU
		{F4728A72-2314-46D5-802B-763D8BB3C842}.AppStore|ARM.Deploy.0 = Debug|Any CPU
		{F4728A72-2314-46D5-802B-763D8BB3C842}.AppStore|iPhone.ActiveCfg = Debug|Any CPU
		{F4728A72-2314-46D5-802B-763D8BB3C842}.AppStore|iPhone.Build.0 = Debug|Any CPU
		{F4728A72-2314-46D5-802B-763D8BB3C842}.AppStore|iPhone.Deploy.0 = Debug|Any CPU
		{F4728A72-2314-46D5-802B-763D8BB3C842}.AppStore|iPhoneSimulator.ActiveCfg = Debug|Any CPU
		{F4728A72-2314-46D5-802B-763D8BB3C842}.AppStore|iPhoneSimulator.Build.0 = Debug|Any CPU
		{F4728A72-2314-46D5-802B-763D8BB3C842}.AppStore|iPhoneSimulator.Deploy.0 = Debug|Any CPU
		{F4728A72-2314-46D5-802B-763D8BB3C842}.AppStore|x64.ActiveCfg = Debug|Any CPU
		{F4728A72-2314-46D5-802B-763D8BB3C842}.AppStore|x64.Build.0 = Debug|Any CPU
		{F4728A72-2314-46D5-802B-763D8BB3C842}.AppStore|x64.Deploy.0 = Debug|Any CPU
		{F4728A72-2314-46D5-802B-763D8BB3C842}.AppStore|x86.ActiveCfg = Debug|Any CPU
		{F4728A72-2314-46D5-802B-763D8BB3C842}.AppStore|x86.Build.0 = Debug|Any CPU
		{F4728A72-2314-46D5-802B-763D8BB3C842}.AppStore|x86.Deploy.0 = Debug|Any CPU
		{F4728A72-2314-46D5-802B-763D8BB3C842}.Debug|Any CPU.ActiveCfg = Debug|Any CPU
		{F4728A72-2314-46D5-802B-763D8BB3C842}.Debug|Any CPU.Build.0 = Debug|Any CPU
		{F4728A72-2314-46D5-802B-763D8BB3C842}.Debug|Any CPU.Deploy.0 = Debug|Any CPU
		{F4728A72-2314-46D5-802B-763D8BB3C842}.Debug|ARM.ActiveCfg = Debug|Any CPU
		{F4728A72-2314-46D5-802B-763D8BB3C842}.Debug|ARM.Build.0 = Debug|Any CPU
		{F4728A72-2314-46D5-802B-763D8BB3C842}.Debug|ARM.Deploy.0 = Debug|Any CPU
		{F4728A72-2314-46D5-802B-763D8BB3C842}.Debug|iPhone.ActiveCfg = Debug|Any CPU
		{F4728A72-2314-46D5-802B-763D8BB3C842}.Debug|iPhone.Build.0 = Debug|Any CPU
		{F4728A72-2314-46D5-802B-763D8BB3C842}.Debug|iPhone.Deploy.0 = Debug|Any CPU
		{F4728A72-2314-46D5-802B-763D8BB3C842}.Debug|iPhoneSimulator.ActiveCfg = Debug|Any CPU
		{F4728A72-2314-46D5-802B-763D8BB3C842}.Debug|iPhoneSimulator.Build.0 = Debug|Any CPU
		{F4728A72-2314-46D5-802B-763D8BB3C842}.Debug|iPhoneSimulator.Deploy.0 = Debug|Any CPU
		{F4728A72-2314-46D5-802B-763D8BB3C842}.Debug|x64.ActiveCfg = Debug|Any CPU
		{F4728A72-2314-46D5-802B-763D8BB3C842}.Debug|x64.Build.0 = Debug|Any CPU
		{F4728A72-2314-46D5-802B-763D8BB3C842}.Debug|x64.Deploy.0 = Debug|Any CPU
		{F4728A72-2314-46D5-802B-763D8BB3C842}.Debug|x86.ActiveCfg = Debug|Any CPU
		{F4728A72-2314-46D5-802B-763D8BB3C842}.Debug|x86.Build.0 = Debug|Any CPU
		{F4728A72-2314-46D5-802B-763D8BB3C842}.Debug|x86.Deploy.0 = Debug|Any CPU
		{F4728A72-2314-46D5-802B-763D8BB3C842}.Release|Any CPU.ActiveCfg = Release|Any CPU
		{F4728A72-2314-46D5-802B-763D8BB3C842}.Release|Any CPU.Build.0 = Release|Any CPU
		{F4728A72-2314-46D5-802B-763D8BB3C842}.Release|Any CPU.Deploy.0 = Release|Any CPU
		{F4728A72-2314-46D5-802B-763D8BB3C842}.Release|ARM.ActiveCfg = Release|Any CPU
		{F4728A72-2314-46D5-802B-763D8BB3C842}.Release|ARM.Build.0 = Release|Any CPU
		{F4728A72-2314-46D5-802B-763D8BB3C842}.Release|ARM.Deploy.0 = Release|Any CPU
		{F4728A72-2314-46D5-802B-763D8BB3C842}.Release|iPhone.ActiveCfg = Release|Any CPU
		{F4728A72-2314-46D5-802B-763D8BB3C842}.Release|iPhone.Build.0 = Release|Any CPU
		{F4728A72-2314-46D5-802B-763D8BB3C842}.Release|iPhone.Deploy.0 = Release|Any CPU
		{F4728A72-2314-46D5-802B-763D8BB3C842}.Release|iPhoneSimulator.ActiveCfg = Release|Any CPU
		{F4728A72-2314-46D5-802B-763D8BB3C842}.Release|iPhoneSimulator.Build.0 = Release|Any CPU
		{F4728A72-2314-46D5-802B-763D8BB3C842}.Release|iPhoneSimulator.Deploy.0 = Release|Any CPU
		{F4728A72-2314-46D5-802B-763D8BB3C842}.Release|x64.ActiveCfg = Release|Any CPU
		{F4728A72-2314-46D5-802B-763D8BB3C842}.Release|x64.Build.0 = Release|Any CPU
		{F4728A72-2314-46D5-802B-763D8BB3C842}.Release|x64.Deploy.0 = Release|Any CPU
		{F4728A72-2314-46D5-802B-763D8BB3C842}.Release|x86.ActiveCfg = Release|Any CPU
		{F4728A72-2314-46D5-802B-763D8BB3C842}.Release|x86.Build.0 = Release|Any CPU
		{F4728A72-2314-46D5-802B-763D8BB3C842}.Release|x86.Deploy.0 = Release|Any CPU
	EndGlobalSection
	GlobalSection(SolutionProperties) = preSolution
		HideSolutionNode = FALSE
	EndGlobalSection
	GlobalSection(ExtensibilityGlobals) = postSolution
		SolutionGuid = {9FD037C6-8285-4B08-8E1E-98179160C338}
	EndGlobalSection
EndGlobal
